<Solution>
  <Folder Name="/src/" />
  <Folder Name="/src/Application/">
    <Project Path="src/Application/TalentMatch.Application.csproj" />
  </Folder>
  <Folder Name="/src/Domain/">
    <Project Path="src/Domain/TalentMatch.Domain.csproj" />
  </Folder>
  <Folder Name="/src/Infrastructure/">
    <Project Path="src/Infrastructure/TalentMatch.Infrastructure.csproj" />
  </Folder>
  <Folder Name="/src/Web.Client/">
    <Project Path="src/Web.Client/TalentMatch.Web.Client.csproj" />
  </Folder>
  <Folder Name="/src/Web.Server/">
    <Project Path="src/Web.Server/TalentMatch.Web.Server.csproj" />
  </Folder>
  <Folder Name="/tests/" />
  <Folder Name="/tests/Application.Tests/">
    <Project Path="tests/Application.Tests/TalentMatch.Application.Tests.csproj" />
  </Folder>
  <Folder Name="/tests/Domain.Tests/">
    <Project Path="tests/Domain.Tests/TalentMatch.Domain.Tests.csproj" />
  </Folder>
  <Folder Name="/tests/Infrastructure.Tests/">
    <Project Path="tests/Infrastructure.Tests/TalentMatch.Infrastructure.Tests.csproj" />
  </Folder>
  <Folder Name="/tests/Web.Tests/">
    <Project Path="tests/Web.Tests/TalentMatch.Web.Tests.csproj" />
  </Folder>
</Solution>
